// !$*UTF8*$!
{
	archiveVersion = 1;
	classes = {
	};
	objectVersion = 46;
	objects = {

/* Begin PBXBuildFile section */
		A8160D4C1575F86D00B669B0 /* UIKit.framework in Frameworks */ = {isa = PBXBuildFile; fileRef = A8160D4B1575F86D00B669B0 /* UIKit.framework */; };
		A8160D4E1575F86D00B669B0 /* Foundation.framework in Frameworks */ = {isa = PBXBuildFile; fileRef = A8160D4D1575F86D00B669B0 /* Foundation.framework */; };
		A8160D501575F86D00B669B0 /* CoreGraphics.framework in Frameworks */ = {isa = PBXBuildFile; fileRef = A8160D4F1575F86D00B669B0 /* CoreGraphics.framework */; };
		A8160D561575F86D00B669B0 /* InfoPlist.strings in Resources */ = {isa = PBXBuildFile; fileRef = A8160D541575F86D00B669B0 /* InfoPlist.strings */; };
		A8160D581575F86D00B669B0 /* main.m in Sources */ = {isa = PBXBuildFile; fileRef = A8160D571575F86D00B669B0 /* main.m */; };
		A8160D5C1575F86D00B669B0 /* AppDelegate.m in Sources */ = {isa = PBXBuildFile; fileRef = A8160D5B1575F86D00B669B0 /* AppDelegate.m */; };
		A8160D5F1575F86D00B669B0 /* ViewController.m in Sources */ = {isa = PBXBuildFile; fileRef = A8160D5E1575F86D00B669B0 /* ViewController.m */; };
		A8160D6D1575F86E00B669B0 /* SenTestingKit.framework in Frameworks */ = {isa = PBXBuildFile; fileRef = A8160D6C1575F86E00B669B0 /* SenTestingKit.framework */; };
		A8160D6E1575F86E00B669B0 /* UIKit.framework in Frameworks */ = {isa = PBXBuildFile; fileRef = A8160D4B1575F86D00B669B0 /* UIKit.framework */; };
		A8160D6F1575F86E00B669B0 /* Foundation.framework in Frameworks */ = {isa = PBXBuildFile; fileRef = A8160D4D1575F86D00B669B0 /* Foundation.framework */; };
		A8160D771575F86E00B669B0 /* InfoPlist.strings in Resources */ = {isa = PBXBuildFile; fileRef = A8160D751575F86E00B669B0 /* InfoPlist.strings */; };
		A8160D7A1575F86E00B669B0 /* TestNSCodingTests.m in Sources */ = {isa = PBXBuildFile; fileRef = A8160D791575F86E00B669B0 /* TestNSCodingTests.m */; };
		A82D27851576035A00EA52D1 /* MyObject.m in Sources */ = {isa = PBXBuildFile; fileRef = A82D27841576035A00EA52D1 /* MyObject.m */; };
		A82D27861576035A00EA52D1 /* MyObject.m in Sources */ = {isa = PBXBuildFile; fileRef = A82D27841576035A00EA52D1 /* MyObject.m */; };
		A8909991157625BD008F1E40 /* MyObjects.m in Sources */ = {isa = PBXBuildFile; fileRef = A8909990157625BD008F1E40 /* MyObjects.m */; };
		A8A1C80815808D740071E4ED /* README.md in Resources */ = {isa = PBXBuildFile; fileRef = A8A1C80715808D740071E4ED /* README.md */; };
		A8A1C80B15808DBC0071E4ED /* BaseCodingModel.m in Sources */ = {isa = PBXBuildFile; fileRef = A8A1C80A15808DBB0071E4ED /* BaseCodingModel.m */; };
		A8A1C810158092940071E4ED /* MyObject2.m in Sources */ = {isa = PBXBuildFile; fileRef = A8A1C80F158092940071E4ED /* MyObject2.m */; };
/* End PBXBuildFile section */

/* Begin PBXContainerItemProxy section */
		A8160D701575F86E00B669B0 /* PBXContainerItemProxy */ = {
			isa = PBXContainerItemProxy;
			containerPortal = A8160D3E1575F86D00B669B0 /* Project object */;
			proxyType = 1;
			remoteGlobalIDString = A8160D461575F86D00B669B0;
			remoteInfo = TestNSCoding;
		};
/* End PBXContainerItemProxy section */

/* Begin PBXFileReference section */
		A8160D471575F86D00B669B0 /* TestNSCoding.app */ = {isa = PBXFileReference; explicitFileType = wrapper.application; includeInIndex = 0; path = TestNSCoding.app; sourceTree = BUILT_PRODUCTS_DIR; };
		A8160D4B1575F86D00B669B0 /* UIKit.framework */ = {isa = PBXFileReference; lastKnownFileType = wrapper.framework; name = UIKit.framework; path = System/Library/Frameworks/UIKit.framework; sourceTree = SDKROOT; };
		A8160D4D1575F86D00B669B0 /* Foundation.framework */ = {isa = PBXFileReference; lastKnownFileType = wrapper.framework; name = Foundation.framework; path = System/Library/Frameworks/Foundation.framework; sourceTree = SDKROOT; };
		A8160D4F1575F86D00B669B0 /* CoreGraphics.framework */ = {isa = PBXFileReference; lastKnownFileType = wrapper.framework; name = CoreGraphics.framework; path = System/Library/Frameworks/CoreGraphics.framework; sourceTree = SDKROOT; };
		A8160D531575F86D00B669B0 /* TestNSCoding-Info.plist */ = {isa = PBXFileReference; lastKnownFileType = text.plist.xml; path = "TestNSCoding-Info.plist"; sourceTree = "<group>"; };
		A8160D551575F86D00B669B0 /* en */ = {isa = PBXFileReference; lastKnownFileType = text.plist.strings; name = en; path = en.lproj/InfoPlist.strings; sourceTree = "<group>"; };
		A8160D571575F86D00B669B0 /* main.m */ = {isa = PBXFileReference; lastKnownFileType = sourcecode.c.objc; path = main.m; sourceTree = "<group>"; };
		A8160D591575F86D00B669B0 /* TestNSCoding-Prefix.pch */ = {isa = PBXFileReference; lastKnownFileType = sourcecode.c.h; path = "TestNSCoding-Prefix.pch"; sourceTree = "<group>"; };
		A8160D5A1575F86D00B669B0 /* AppDelegate.h */ = {isa = PBXFileReference; lastKnownFileType = sourcecode.c.h; path = AppDelegate.h; sourceTree = "<group>"; };
		A8160D5B1575F86D00B669B0 /* AppDelegate.m */ = {isa = PBXFileReference; lastKnownFileType = sourcecode.c.objc; path = AppDelegate.m; sourceTree = "<group>"; };
		A8160D5D1575F86D00B669B0 /* ViewController.h */ = {isa = PBXFileReference; lastKnownFileType = sourcecode.c.h; path = ViewController.h; sourceTree = "<group>"; };
		A8160D5E1575F86D00B669B0 /* ViewController.m */ = {isa = PBXFileReference; lastKnownFileType = sourcecode.c.objc; path = ViewController.m; sourceTree = "<group>"; };
		A8160D6B1575F86E00B669B0 /* TestNSCodingTests.octest */ = {isa = PBXFileReference; explicitFileType = wrapper.cfbundle; includeInIndex = 0; path = TestNSCodingTests.octest; sourceTree = BUILT_PRODUCTS_DIR; };
		A8160D6C1575F86E00B669B0 /* SenTestingKit.framework */ = {isa = PBXFileReference; lastKnownFileType = wrapper.framework; name = SenTestingKit.framework; path = Library/Frameworks/SenTestingKit.framework; sourceTree = DEVELOPER_DIR; };
		A8160D741575F86E00B669B0 /* TestNSCodingTests-Info.plist */ = {isa = PBXFileReference; lastKnownFileType = text.plist.xml; path = "TestNSCodingTests-Info.plist"; sourceTree = "<group>"; };
		A8160D761575F86E00B669B0 /* en */ = {isa = PBXFileReference; lastKnownFileType = text.plist.strings; name = en; path = en.lproj/InfoPlist.strings; sourceTree = "<group>"; };
		A8160D781575F86E00B669B0 /* TestNSCodingTests.h */ = {isa = PBXFileReference; lastKnownFileType = sourcecode.c.h; path = TestNSCodingTests.h; sourceTree = "<group>"; };
		A8160D791575F86E00B669B0 /* TestNSCodingTests.m */ = {isa = PBXFileReference; lastKnownFileType = sourcecode.c.objc; path = TestNSCodingTests.m; sourceTree = "<group>"; };
		A82D27831576035A00EA52D1 /* MyObject.h */ = {isa = PBXFileReference; fileEncoding = 4; lastKnownFileType = sourcecode.c.h; name = MyObject.h; path = TestNSCoding/MyObject.h; sourceTree = "<group>"; };
		A82D27841576035A00EA52D1 /* MyObject.m */ = {isa = PBXFileReference; fileEncoding = 4; lastKnownFileType = sourcecode.c.objc; name = MyObject.m; path = TestNSCoding/MyObject.m; sourceTree = "<group>"; };
		A890998F157625BD008F1E40 /* MyObjects.h */ = {isa = PBXFileReference; fileEncoding = 4; lastKnownFileType = sourcecode.c.h; path = MyObjects.h; sourceTree = "<group>"; };
		A8909990157625BD008F1E40 /* MyObjects.m */ = {isa = PBXFileReference; fileEncoding = 4; lastKnownFileType = sourcecode.c.objc; path = MyObjects.m; sourceTree = "<group>"; };
		A8A1C80715808D740071E4ED /* README.md */ = {isa = PBXFileReference; fileEncoding = 4; lastKnownFileType = text; path = README.md; sourceTree = "<group>"; };
		A8A1C80915808DBB0071E4ED /* BaseCodingModel.h */ = {isa = PBXFileReference; fileEncoding = 4; lastKnownFileType = sourcecode.c.h; path = BaseCodingModel.h; sourceTree = "<group>"; };
		A8A1C80A15808DBB0071E4ED /* BaseCodingModel.m */ = {isa = PBXFileReference; fileEncoding = 4; lastKnownFileType = sourcecode.c.objc; path = BaseCodingModel.m; sourceTree = "<group>"; };
		A8A1C80E158092940071E4ED /* MyObject2.h */ = {isa = PBXFileReference; fileEncoding = 4; lastKnownFileType = sourcecode.c.h; path = MyObject2.h; sourceTree = "<group>"; };
		A8A1C80F158092940071E4ED /* MyObject2.m */ = {isa = PBXFileReference; fileEncoding = 4; lastKnownFileType = sourcecode.c.objc; path = MyObject2.m; sourceTree = "<group>"; };
/* End PBXFileReference section */

/* Begin PBXFrameworksBuildPhase section */
		A8160D441575F86D00B669B0 /* Frameworks */ = {
			isa = PBXFrameworksBuildPhase;
			buildActionMask = 2147483647;
			files = (
				A8160D4C1575F86D00B669B0 /* UIKit.framework in Frameworks */,
				A8160D4E1575F86D00B669B0 /* Foundation.framework in Frameworks */,
				A8160D501575F86D00B669B0 /* CoreGraphics.framework in Frameworks */,
			);
			runOnlyForDeploymentPostprocessing = 0;
		};
		A8160D671575F86E00B669B0 /* Frameworks */ = {
			isa = PBXFrameworksBuildPhase;
			buildActionMask = 2147483647;
			files = (
				A8160D6D1575F86E00B669B0 /* SenTestingKit.framework in Frameworks */,
				A8160D6E1575F86E00B669B0 /* UIKit.framework in Frameworks */,
				A8160D6F1575F86E00B669B0 /* Foundation.framework in Frameworks */,
			);
			runOnlyForDeploymentPostprocessing = 0;
		};
/* End PBXFrameworksBuildPhase section */

/* Begin PBXGroup section */
		A8160D3C1575F86D00B669B0 = {
			isa = PBXGroup;
			children = (
				A8A1C80715808D740071E4ED /* README.md */,
				A8A1C8061580897D0071E4ED /* Model */,
				A8160D511575F86D00B669B0 /* TestNSCoding */,
				A8160D721575F86E00B669B0 /* TestNSCodingTests */,
				A8160D4A1575F86D00B669B0 /* Frameworks */,
				A8160D481575F86D00B669B0 /* Products */,
			);
			sourceTree = "<group>";
		};
		A8160D481575F86D00B669B0 /* Products */ = {
			isa = PBXGroup;
			children = (
				A8160D471575F86D00B669B0 /* TestNSCoding.app */,
				A8160D6B1575F86E00B669B0 /* TestNSCodingTests.octest */,
			);
			name = Products;
			sourceTree = "<group>";
		};
		A8160D4A1575F86D00B669B0 /* Frameworks */ = {
			isa = PBXGroup;
			children = (
				A8160D4B1575F86D00B669B0 /* UIKit.framework */,
				A8160D4D1575F86D00B669B0 /* Foundation.framework */,
				A8160D4F1575F86D00B669B0 /* CoreGraphics.framework */,
				A8160D6C1575F86E00B669B0 /* SenTestingKit.framework */,
			);
			name = Frameworks;
			sourceTree = "<group>";
		};
		A8160D511575F86D00B669B0 /* TestNSCoding */ = {
			isa = PBXGroup;
			children = (
				A8160D5A1575F86D00B669B0 /* AppDelegate.h */,
				A8160D5B1575F86D00B669B0 /* AppDelegate.m */,
				A8160D5D1575F86D00B669B0 /* ViewController.h */,
				A8160D5E1575F86D00B669B0 /* ViewController.m */,
				A8160D521575F86D00B669B0 /* Supporting Files */,
			);
			path = TestNSCoding;
			sourceTree = "<group>";
		};
		A8160D521575F86D00B669B0 /* Supporting Files */ = {
			isa = PBXGroup;
			children = (
				A8160D531575F86D00B669B0 /* TestNSCoding-Info.plist */,
				A8160D541575F86D00B669B0 /* InfoPlist.strings */,
				A8160D571575F86D00B669B0 /* main.m */,
				A8160D591575F86D00B669B0 /* TestNSCoding-Prefix.pch */,
			);
			name = "Supporting Files";
			sourceTree = "<group>";
		};
		A8160D721575F86E00B669B0 /* TestNSCodingTests */ = {
			isa = PBXGroup;
			children = (
				A8160D781575F86E00B669B0 /* TestNSCodingTests.h */,
				A8160D791575F86E00B669B0 /* TestNSCodingTests.m */,
				A8160D731575F86E00B669B0 /* Supporting Files */,
			);
			path = TestNSCodingTests;
			sourceTree = "<group>";
		};
		A8160D731575F86E00B669B0 /* Supporting Files */ = {
			isa = PBXGroup;
			children = (
				A8160D741575F86E00B669B0 /* TestNSCodingTests-Info.plist */,
				A8160D751575F86E00B669B0 /* InfoPlist.strings */,
			);
			name = "Supporting Files";
			sourceTree = "<group>";
		};
		A8A1C8061580897D0071E4ED /* Model */ = {
			isa = PBXGroup;
			children = (
				A8A1C80C1580922C0071E4ED /* BasicNSCoding */,
				A8A1C80D1580923F0071E4ED /* BaseModel */,
			);
			name = Model;
			sourceTree = "<group>";
		};
		A8A1C80C1580922C0071E4ED /* BasicNSCoding */ = {
			isa = PBXGroup;
			children = (
				A890998F157625BD008F1E40 /* MyObjects.h */,
				A8909990157625BD008F1E40 /* MyObjects.m */,
				A82D27831576035A00EA52D1 /* MyObject.h */,
				A82D27841576035A00EA52D1 /* MyObject.m */,
			);
			name = BasicNSCoding;
			sourceTree = "<group>";
		};
		A8A1C80D1580923F0071E4ED /* BaseModel */ = {
			isa = PBXGroup;
			children = (
				A8A1C80915808DBB0071E4ED /* BaseCodingModel.h */,
				A8A1C80A15808DBB0071E4ED /* BaseCodingModel.m */,
				A8A1C80E158092940071E4ED /* MyObject2.h */,
				A8A1C80F158092940071E4ED /* MyObject2.m */,
			);
			name = BaseModel;
			sourceTree = "<group>";
		};
/* End PBXGroup section */

/* Begin PBXNativeTarget section */
		A8160D461575F86D00B669B0 /* TestNSCoding */ = {
			isa = PBXNativeTarget;
			buildConfigurationList = A8160D7D1575F86E00B669B0 /* Build configuration list for PBXNativeTarget "TestNSCoding" */;
			buildPhases = (
				A8160D431575F86D00B669B0 /* Sources */,
				A8160D441575F86D00B669B0 /* Frameworks */,
				A8160D451575F86D00B669B0 /* Resources */,
			);
			buildRules = (
			);
			dependencies = (
			);
			name = TestNSCoding;
			productName = TestNSCoding;
			productReference = A8160D471575F86D00B669B0 /* TestNSCoding.app */;
			productType = "com.apple.product-type.application";
		};
		A8160D6A1575F86E00B669B0 /* TestNSCodingTests */ = {
			isa = PBXNativeTarget;
			buildConfigurationList = A8160D801575F86E00B669B0 /* Build configuration list for PBXNativeTarget "TestNSCodingTests" */;
			buildPhases = (
				A8160D661575F86E00B669B0 /* Sources */,
				A8160D671575F86E00B669B0 /* Frameworks */,
				A8160D681575F86E00B669B0 /* Resources */,
				A8160D691575F86E00B669B0 /* ShellScript */,
			);
			buildRules = (
			);
			dependencies = (
				A8160D711575F86E00B669B0 /* PBXTargetDependency */,
			);
			name = TestNSCodingTests;
			productName = TestNSCodingTests;
			productReference = A8160D6B1575F86E00B669B0 /* TestNSCodingTests.octest */;
			productType = "com.apple.product-type.bundle";
		};
/* End PBXNativeTarget section */

/* Begin PBXProject section */
		A8160D3E1575F86D00B669B0 /* Project object */ = {
			isa = PBXProject;
			attributes = {
				LastUpgradeCheck = 0430;
			};
			buildConfigurationList = A8160D411575F86D00B669B0 /* Build configuration list for PBXProject "TestNSCoding" */;
			compatibilityVersion = "Xcode 3.2";
			developmentRegion = English;
			hasScannedForEncodings = 0;
			knownRegions = (
				en,
			);
			mainGroup = A8160D3C1575F86D00B669B0;
			productRefGroup = A8160D481575F86D00B669B0 /* Products */;
			projectDirPath = "";
			projectRoot = "";
			targets = (
				A8160D461575F86D00B669B0 /* TestNSCoding */,
				A8160D6A1575F86E00B669B0 /* TestNSCodingTests */,
			);
		};
/* End PBXProject section */

/* Begin PBXResourcesBuildPhase section */
		A8160D451575F86D00B669B0 /* Resources */ = {
			isa = PBXResourcesBuildPhase;
			buildActionMask = 2147483647;
			files = (
				A8160D561575F86D00B669B0 /* InfoPlist.strings in Resources */,
			);
			runOnlyForDeploymentPostprocessing = 0;
		};
		A8160D681575F86E00B669B0 /* Resources */ = {
			isa = PBXResourcesBuildPhase;
			buildActionMask = 2147483647;
			files = (
				A8160D771575F86E00B669B0 /* InfoPlist.strings in Resources */,
				A8A1C80815808D740071E4ED /* README.md in Resources */,
			);
			runOnlyForDeploymentPostprocessing = 0;
		};
/* End PBXResourcesBuildPhase section */

/* Begin PBXShellScriptBuildPhase section */
		A8160D691575F86E00B669B0 /* ShellScript */ = {
			isa = PBXShellScriptBuildPhase;
			buildActionMask = 2147483647;
			files = (
			);
			inputPaths = (
			);
			outputPaths = (
			);
			runOnlyForDeploymentPostprocessing = 0;
			shellPath = /bin/sh;
			shellScript = "# Run the unit tests in this test bundle.\n\"${SYSTEM_DEVELOPER_DIR}/Tools/RunUnitTests\"\n";
		};
/* End PBXShellScriptBuildPhase section */

/* Begin PBXSourcesBuildPhase section */
		A8160D431575F86D00B669B0 /* Sources */ = {
			isa = PBXSourcesBuildPhase;
			buildActionMask = 2147483647;
			files = (
				A8160D581575F86D00B669B0 /* main.m in Sources */,
				A8160D5C1575F86D00B669B0 /* AppDelegate.m in Sources */,
				A8160D5F1575F86D00B669B0 /* ViewController.m in Sources */,
				A82D27851576035A00EA52D1 /* MyObject.m in Sources */,
				A8909991157625BD008F1E40 /* MyObjects.m in Sources */,
				A8A1C80B15808DBC0071E4ED /* BaseCodingModel.m in Sources */,
				A8A1C810158092940071E4ED /* MyObject2.m in Sources */,
			);
			runOnlyForDeploymentPostprocessing = 0;
		};
		A8160D661575F86E00B669B0 /* Sources */ = {
			isa = PBXSourcesBuildPhase;
			buildActionMask = 2147483647;
			files = (
				A8160D7A1575F86E00B669B0 /* TestNSCodingTests.m in Sources */,
				A82D27861576035A00EA52D1 /* MyObject.m in Sources */,
			);
			runOnlyForDeploymentPostprocessing = 0;
		};
/* End PBXSourcesBuildPhase section */

/* Begin PBXTargetDependency section */
		A8160D711575F86E00B669B0 /* PBXTargetDependency */ = {
			isa = PBXTargetDependency;
			target = A8160D461575F86D00B669B0 /* TestNSCoding */;
			targetProxy = A8160D701575F86E00B669B0 /* PBXContainerItemProxy */;
		};
/* End PBXTargetDependency section */

/* Begin PBXVariantGroup section */
		A8160D541575F86D00B669B0 /* InfoPlist.strings */ = {
			isa = PBXVariantGroup;
			children = (
				A8160D551575F86D00B669B0 /* en */,
			);
			name = InfoPlist.strings;
			sourceTree = "<group>";
		};
		A8160D751575F86E00B669B0 /* InfoPlist.strings */ = {
			isa = PBXVariantGroup;
			children = (
				A8160D761575F86E00B669B0 /* en */,
			);
			name = InfoPlist.strings;
			sourceTree = "<group>";
		};
/* End PBXVariantGroup section */

/* Begin XCBuildConfiguration section */
		A8160D7B1575F86E00B669B0 /* Debug */ = {
			isa = XCBuildConfiguration;
			buildSettings = {
				ALWAYS_SEARCH_USER_PATHS = NO;
				ARCHS = "$(ARCHS_STANDARD_32_BIT)";
				CLANG_ENABLE_OBJC_ARC = YES;
				"CODE_SIGN_IDENTITY[sdk=iphoneos*]" = "iPhone Developer";
				COPY_PHASE_STRIP = NO;
				GCC_C_LANGUAGE_STANDARD = gnu99;
				GCC_DYNAMIC_NO_PIC = NO;
				GCC_OPTIMIZATION_LEVEL = 0;
				GCC_PREPROCESSOR_DEFINITIONS = (
					"DEBUG=1",
					"$(inherited)",
				);
				GCC_SYMBOLS_PRIVATE_EXTERN = NO;
				GCC_VERSION = com.apple.compilers.llvm.clang.1_0;
				GCC_WARN_ABOUT_RETURN_TYPE = YES;
				GCC_WARN_UNINITIALIZED_AUTOS = YES;
				GCC_WARN_UNUSED_VARIABLE = YES;
				IPHONEOS_DEPLOYMENT_TARGET = 5.1;
				SDKROOT = iphoneos;
				TARGETED_DEVICE_FAMILY = "1,2";
			};
			name = Debug;
		};
		A8160D7C1575F86E00B669B0 /* Release */ = {
			isa = XCBuildConfiguration;
			buildSettings = {
				ALWAYS_SEARCH_USER_PATHS = NO;
				ARCHS = "$(ARCHS_STANDARD_32_BIT)";
				CLANG_ENABLE_OBJC_ARC = YES;
				"CODE_SIGN_IDENTITY[sdk=iphoneos*]" = "iPhone Developer";
				COPY_PHASE_STRIP = YES;
				GCC_C_LANGUAGE_STANDARD = gnu99;
				GCC_VERSION = com.apple.compilers.llvm.clang.1_0;
				GCC_WARN_ABOUT_RETURN_TYPE = YES;
				GCC_WARN_UNINITIALIZED_AUTOS = YES;
				GCC_WARN_UNUSED_VARIABLE = YES;
				IPHONEOS_DEPLOYMENT_TARGET = 5.1;
				OTHER_CFLAGS = "-DNS_BLOCK_ASSERTIONS=1";
				SDKROOT = iphoneos;
				TARGETED_DEVICE_FAMILY = "1,2";
				VALIDATE_PRODUCT = YES;
			};
			name = Release;
		};
		A8160D7E1575F86E00B669B0 /* Debug */ = {
			isa = XCBuildConfiguration;
			buildSettings = {
				GCC_PRECOMPILE_PREFIX_HEADER = YES;
				GCC_PREFIX_HEADER = "TestNSCoding/TestNSCoding-Prefix.pch";
				INFOPLIST_FILE = "TestNSCoding/TestNSCoding-Info.plist";
				PRODUCT_NAME = "$(TARGET_NAME)";
				WRAPPER_EXTENSION = app;
			};
			name = Debug;
		};
		A8160D7F1575F86E00B669B0 /* Release */ = {
			isa = XCBuildConfiguration;
			buildSettings = {
				GCC_PRECOMPILE_PREFIX_HEADER = YES;
				GCC_PREFIX_HEADER = "TestNSCoding/TestNSCoding-Prefix.pch";
				INFOPLIST_FILE = "TestNSCoding/TestNSCoding-Info.plist";
				PRODUCT_NAME = "$(TARGET_NAME)";
				WRAPPER_EXTENSION = app;
			};
			name = Release;
		};
		A8160D811575F86E00B669B0 /* Debug */ = {
			isa = XCBuildConfiguration;
			buildSettings = {
				BUNDLE_LOADER = "$(BUILT_PRODUCTS_DIR)/TestNSCoding.app/TestNSCoding";
				FRAMEWORK_SEARCH_PATHS = (
					"$(SDKROOT)/Developer/Library/Frameworks",
					"$(DEVELOPER_LIBRARY_DIR)/Frameworks",
				);
				GCC_PRECOMPILE_PREFIX_HEADER = YES;
				GCC_PREFIX_HEADER = "TestNSCoding/TestNSCoding-Prefix.pch";
				INFOPLIST_FILE = "TestNSCodingTests/TestNSCodingTests-Info.plist";
				PRODUCT_NAME = "$(TARGET_NAME)";
				TEST_HOST = "$(BUNDLE_LOADER)";
				WRAPPER_EXTENSION = octest;
			};
			name = Debug;
		};
		A8160D821575F86E00B669B0 /* Release */ = {
			isa = XCBuildConfiguration;
			buildSettings = {
				BUNDLE_LOADER = "$(BUILT_PRODUCTS_DIR)/TestNSCoding.app/TestNSCoding";
				FRAMEWORK_SEARCH_PATHS = (
					"$(SDKROOT)/Developer/Library/Frameworks",
					"$(DEVELOPER_LIBRARY_DIR)/Frameworks",
				);
				GCC_PRECOMPILE_PREFIX_HEADER = YES;
				GCC_PREFIX_HEADER = "TestNSCoding/TestNSCoding-Prefix.pch";
				INFOPLIST_FILE = "TestNSCodingTests/TestNSCodingTests-Info.plist";
				PRODUCT_NAME = "$(TARGET_NAME)";
				TEST_HOST = "$(BUNDLE_LOADER)";
				WRAPPER_EXTENSION = octest;
			};
			name = Release;
		};
/* End XCBuildConfiguration section */

/* Begin XCConfigurationList section */
		A8160D411575F86D00B669B0 /* Build configuration list for PBXProject "TestNSCoding" */ = {
			isa = XCConfigurationList;
			buildConfigurations = (
				A8160D7B1575F86E00B669B0 /* Debug */,
				A8160D7C1575F86E00B669B0 /* Release */,
			);
			defaultConfigurationIsVisible = 0;
			defaultConfigurationName = Release;
		};
		A8160D7D1575F86E00B669B0 /* Build configuration list for PBXNativeTarget "TestNSCoding" */ = {
			isa = XCConfigurationList;
			buildConfigurations = (
				A8160D7E1575F86E00B669B0 /* Debug */,
				A8160D7F1575F86E00B669B0 /* Release */,
			);
			defaultConfigurationIsVisible = 0;
			defaultConfigurationName = Release;
		};
		A8160D801575F86E00B669B0 /* Build configuration list for PBXNativeTarget "TestNSCodingTests" */ = {
			isa = XCConfigurationList;
			buildConfigurations = (
				A8160D811575F86E00B669B0 /* Debug */,
				A8160D821575F86E00B669B0 /* Release */,
			);
			defaultConfigurationIsVisible = 0;
			defaultConfigurationName = Release;
		};
/* End XCConfigurationList section */
	};
	rootObject = A8160D3E1575F86D00B669B0 /* Project object */;
}
